Microsoft Visual Studio Solution File, Format Version 12.00
# Visual Studio Version 18
VisualStudioVersion = 18.1.11304.174 d18.0
MinimumVisualStudioVersion = 10.0.40219.1
Project("{FAE04EC0-301F-11D3-BF4B-00C04F79EFBC}") = "AutoActions", "AutoActions\AutoActions.csproj", "{1D66525A-C437-BC2C-4374-39AD0DAC7C43}"
EndProject
Project("{FAE04EC0-301F-11D3-BF4B-00C04F79EFBC}") = "AutoActions.Audio", "AutoActions.Audio\AutoActions.Audio.csproj", "{E244D058-63AA-8825-9CAE-64B0C3CC5101}"
EndProject
Project("{FAE04EC0-301F-11D3-BF4B-00C04F79EFBC}") = "AutoActions.Displays", "AutoActions.Displays\AutoActions.Displays.csproj", "{E6BE1F02-DCA4-093B-C586-50DECA378A57}"
EndProject
Project("{FAE04EC0-301F-11D3-BF4B-00C04F79EFBC}") = "AutoActions.Core", "AutoActions.Core\AutoActions.Core.csproj", "{C9B7D45A-628E-71EE-0D66-8B36F59D22B5}"
EndProject
Project("{FAE04EC0-301F-11D3-BF4B-00C04F79EFBC}") = "AutoActions.ProjectResources", "AutoActions.ProjectResources\AutoActions.ProjectResources.csproj", "{AEB2B47E-34D4-9D0B-F7E1-A5BEB9ABCF85}"
EndProject
Project("{FAE04EC0-301F-11D3-BF4B-00C04F79EFBC}") = "AutoActions.Threading", "AutoActions.Threading\AutoActions.Threading.csproj", "{8BE2BA07-45DE-626A-F535-640403BE1A2E}"
EndProject
Project("{FAE04EC0-301F-11D3-BF4B-00C04F79EFBC}") = "AutoActions.Updater", "AutoActions.Updater\AutoActions.Updater.csproj", "{FC80FCE9-3372-B438-CDBF-9FBB2D3B3D79}"
EndProject
Global
	GlobalSection(SolutionConfigurationPlatforms) = preSolution
		Debug|Any CPU = Debug|Any CPU
		Release|Any CPU = Release|Any CPU
		Test|Any CPU = Test|Any CPU
	EndGlobalSection
	GlobalSection(ProjectConfigurationPlatforms) = postSolution
		{1D66525A-C437-BC2C-4374-39AD0DAC7C43}.Debug|Any CPU.ActiveCfg = Debug|Any CPU
		{1D66525A-C437-BC2C-4374-39AD0DAC7C43}.Debug|Any CPU.Build.0 = Debug|Any CPU
		{1D66525A-C437-BC2C-4374-39AD0DAC7C43}.Release|Any CPU.ActiveCfg = Release|Any CPU
		{1D66525A-C437-BC2C-4374-39AD0DAC7C43}.Release|Any CPU.Build.0 = Release|Any CPU
		{1D66525A-C437-BC2C-4374-39AD0DAC7C43}.Test|Any CPU.ActiveCfg = Test|Any CPU
		{1D66525A-C437-BC2C-4374-39AD0DAC7C43}.Test|Any CPU.Build.0 = Test|Any CPU
		{E244D058-63AA-8825-9CAE-64B0C3CC5101}.Debug|Any CPU.ActiveCfg = Debug|Any CPU
		{E244D058-63AA-8825-9CAE-64B0C3CC5101}.Debug|Any CPU.Build.0 = Debug|Any CPU
		{E244D058-63AA-8825-9CAE-64B0C3CC5101}.Release|Any CPU.ActiveCfg = Release|Any CPU
		{E244D058-63AA-8825-9CAE-64B0C3CC5101}.Release|Any CPU.Build.0 = Release|Any CPU
		{E244D058-63AA-8825-9CAE-64B0C3CC5101}.Test|Any CPU.ActiveCfg = Test|Any CPU
		{E244D058-63AA-8825-9CAE-64B0C3CC5101}.Test|Any CPU.Build.0 = Test|Any CPU
		{E6BE1F02-DCA4-093B-C586-50DECA378A57}.Debug|Any CPU.ActiveCfg = Debug|Any CPU
		{E6BE1F02-DCA4-093B-C586-50DECA378A57}.Debug|Any CPU.Build.0 = Debug|Any CPU
		{E6BE1F02-DCA4-093B-C586-50DECA378A57}.Release|Any CPU.ActiveCfg = Release|Any CPU
		{E6BE1F02-DCA4-093B-C586-50DECA378A57}.Release|Any CPU.Build.0 = Release|Any CPU
		{E6BE1F02-DCA4-093B-C586-50DECA378A57}.Test|Any CPU.ActiveCfg = Test|Any CPU
		{E6BE1F02-DCA4-093B-C586-50DECA378A57}.Test|Any CPU.Build.0 = Test|Any CPU
		{C9B7D45A-628E-71EE-0D66-8B36F59D22B5}.Debug|Any CPU.ActiveCfg = Debug|Any CPU
		{C9B7D45A-628E-71EE-0D66-8B36F59D22B5}.Debug|Any CPU.Build.0 = Debug|Any CPU
		{C9B7D45A-628E-71EE-0D66-8B36F59D22B5}.Release|Any CPU.ActiveCfg = Release|Any CPU
		{C9B7D45A-628E-71EE-0D66-8B36F59D22B5}.Release|Any CPU.Build.0 = Release|Any CPU
		{C9B7D45A-628E-71EE-0D66-8B36F59D22B5}.Test|Any CPU.ActiveCfg = Test|Any CPU
		{C9B7D45A-628E-71EE-0D66-8B36F59D22B5}.Test|Any CPU.Build.0 = Test|Any CPU
		{AEB2B47E-34D4-9D0B-F7E1-A5BEB9ABCF85}.Debug|Any CPU.ActiveCfg = Debug|Any CPU
		{AEB2B47E-34D4-9D0B-F7E1-A5BEB9ABCF85}.Debug|Any CPU.Build.0 = Debug|Any CPU
		{AEB2B47E-34D4-9D0B-F7E1-A5BEB9ABCF85}.Release|Any CPU.ActiveCfg = Release|Any CPU
		{AEB2B47E-34D4-9D0B-F7E1-A5BEB9ABCF85}.Release|Any CPU.Build.0 = Release|Any CPU
		{AEB2B47E-34D4-9D0B-F7E1-A5BEB9ABCF85}.Test|Any CPU.ActiveCfg = Test|Any CPU
		{AEB2B47E-34D4-9D0B-F7E1-A5BEB9ABCF85}.Test|Any CPU.Build.0 = Test|Any CPU
		{8BE2BA07-45DE-626A-F535-640403BE1A2E}.Debug|Any CPU.ActiveCfg = Debug|Any CPU
		{8BE2BA07-45DE-626A-F535-640403BE1A2E}.Debug|Any CPU.Build.0 = Debug|Any CPU
		{8BE2BA07-45DE-626A-F535-640403BE1A2E}.Release|Any CPU.ActiveCfg = Release|Any CPU
		{8BE2BA07-45DE-626A-F535-640403BE1A2E}.Release|Any CPU.Build.0 = Release|Any CPU
		{8BE2BA07-45DE-626A-F535-640403BE1A2E}.Test|Any CPU.ActiveCfg = Test|Any CPU
		{8BE2BA07-45DE-626A-F535-640403BE1A2E}.Test|Any CPU.Build.0 = Test|Any CPU
		{FC80FCE9-3372-B438-CDBF-9FBB2D3B3D79}.Debug|Any CPU.ActiveCfg = Debug|Any CPU
		{FC80FCE9-3372-B438-CDBF-9FBB2D3B3D79}.Debug|Any CPU.Build.0 = Debug|Any CPU
		{FC80FCE9-3372-B438-CDBF-9FBB2D3B3D79}.Release|Any CPU.ActiveCfg = Release|Any CPU
		{FC80FCE9-3372-B438-CDBF-9FBB2D3B3D79}.Release|Any CPU.Build.0 = Release|Any CPU
		{FC80FCE9-3372-B438-CDBF-9FBB2D3B3D79}.Test|Any CPU.ActiveCfg = Test|Any CPU
		{FC80FCE9-3372-B438-CDBF-9FBB2D3B3D79}.Test|Any CPU.Build.0 = Test|Any CPU
	EndGlobalSection
	GlobalSection(SolutionProperties) = preSolution
		HideSolutionNode = FALSE
	EndGlobalSection
	GlobalSection(ExtensibilityGlobals) = postSolution
		SolutionGuid = {1B610BE3-FA52-434E-A54E-FF2D67F09AA5}
	EndGlobalSection
EndGlobal
